// !$*UTF8*$!
{
	archiveVersion = 1;
	classes = {
	};
	objectVersion = 46;
	objects = {

/* Begin PBXBuildFile section */
		891DEAEA18DE5CA800072BE9 /* JSONModel+CoreData.m in Sources */ = {isa = PBXBuildFile; fileRef = 891DEAD118DE5CA800072BE9 /* JSONModel+CoreData.m */; };
		891DEAEB18DE5CA800072BE9 /* JSONModel.m in Sources */ = {isa = PBXBuildFile; fileRef = 891DEAD318DE5CA800072BE9 /* JSONModel.m */; };
		891DEAEC18DE5CA800072BE9 /* JSONModelArray.m in Sources */ = {isa = PBXBuildFile; fileRef = 891DEAD518DE5CA800072BE9 /* JSONModelArray.m */; };
		891DEAED18DE5CA800072BE9 /* JSONModelClassProperty.m in Sources */ = {isa = PBXBuildFile; fileRef = 891DEAD718DE5CA800072BE9 /* JSONModelClassProperty.m */; };
		891DEAEE18DE5CA800072BE9 /* JSONModelError.m in Sources */ = {isa = PBXBuildFile; fileRef = 891DEAD918DE5CA800072BE9 /* JSONModelError.m */; };
		891DEAEF18DE5CA800072BE9 /* NSArray+JSONModel.m in Sources */ = {isa = PBXBuildFile; fileRef = 891DEADC18DE5CA800072BE9 /* NSArray+JSONModel.m */; };
		891DEAF018DE5CA800072BE9 /* JSONAPI.m in Sources */ = {isa = PBXBuildFile; fileRef = 891DEAE018DE5CA800072BE9 /* JSONAPI.m */; };
		891DEAF118DE5CA800072BE9 /* JSONHTTPClient.m in Sources */ = {isa = PBXBuildFile; fileRef = 891DEAE218DE5CA800072BE9 /* JSONHTTPClient.m */; };
		891DEAF218DE5CA800072BE9 /* JSONModel+networking.m in Sources */ = {isa = PBXBuildFile; fileRef = 891DEAE418DE5CA800072BE9 /* JSONModel+networking.m */; };
		891DEAF318DE5CA800072BE9 /* JSONKeyMapper.m in Sources */ = {isa = PBXBuildFile; fileRef = 891DEAE718DE5CA800072BE9 /* JSONKeyMapper.m */; };
		891DEAF418DE5CA800072BE9 /* JSONValueTransformer.m in Sources */ = {isa = PBXBuildFile; fileRef = 891DEAE918DE5CA800072BE9 /* JSONValueTransformer.m */; };
		893BF63318DF35270061269D /* CareerFair.txt in Resources */ = {isa = PBXBuildFile; fileRef = 893BF63118DF35270061269D /* CareerFair.txt */; };
		893BF63418DF35270061269D /* Informatics.txt in Resources */ = {isa = PBXBuildFile; fileRef = 893BF63218DF35270061269D /* Informatics.txt */; };
		895A81E418DE7EB5003F739C /* career-fair-1.png in Resources */ = {isa = PBXBuildFile; fileRef = 895A81DD18DE7EB5003F739C /* career-fair-1.png */; };
		895A81E518DE7EB5003F739C /* career-fair-2.png in Resources */ = {isa = PBXBuildFile; fileRef = 895A81DE18DE7EB5003F739C /* career-fair-2.png */; };
		895A81E618DE7EB5003F739C /* career-fair-3.png in Resources */ = {isa = PBXBuildFile; fileRef = 895A81DF18DE7EB5003F739C /* career-fair-3.png */; };
		895A81E718DE7EB5003F739C /* career-fair-4.png in Resources */ = {isa = PBXBuildFile; fileRef = 895A81E018DE7EB5003F739C /* career-fair-4.png */; };
		895A81E818DE7EB5003F739C /* career-fair-5.png in Resources */ = {isa = PBXBuildFile; fileRef = 895A81E118DE7EB5003F739C /* career-fair-5.png */; };
		895A81E918DE7EB5003F739C /* career-fair-6.png in Resources */ = {isa = PBXBuildFile; fileRef = 895A81E218DE7EB5003F739C /* career-fair-6.png */; };
		895A81EA18DE7EB5003F739C /* career-fair-7.png in Resources */ = {isa = PBXBuildFile; fileRef = 895A81E318DE7EB5003F739C /* career-fair-7.png */; };
		89618A2D18DDF0F700CF9F62 /* Foundation.framework in Frameworks */ = {isa = PBXBuildFile; fileRef = 89618A2C18DDF0F700CF9F62 /* Foundation.framework */; };
		89618A2F18DDF0F700CF9F62 /* CoreGraphics.framework in Frameworks */ = {isa = PBXBuildFile; fileRef = 89618A2E18DDF0F700CF9F62 /* CoreGraphics.framework */; };
		89618A3118DDF0F700CF9F62 /* UIKit.framework in Frameworks */ = {isa = PBXBuildFile; fileRef = 89618A3018DDF0F700CF9F62 /* UIKit.framework */; };
		89618A3718DDF0F700CF9F62 /* InfoPlist.strings in Resources */ = {isa = PBXBuildFile; fileRef = 89618A3518DDF0F700CF9F62 /* InfoPlist.strings */; };
		89618A3918DDF0F700CF9F62 /* main.m in Sources */ = {isa = PBXBuildFile; fileRef = 89618A3818DDF0F700CF9F62 /* main.m */; };
		89618A3D18DDF0F700CF9F62 /* AppDelegate.m in Sources */ = {isa = PBXBuildFile; fileRef = 89618A3C18DDF0F700CF9F62 /* AppDelegate.m */; };
		89618A4018DDF0F700CF9F62 /* Main_iPhone.storyboard in Resources */ = {isa = PBXBuildFile; fileRef = 89618A3E18DDF0F700CF9F62 /* Main_iPhone.storyboard */; };
		89618A4318DDF0F700CF9F62 /* Main_iPad.storyboard in Resources */ = {isa = PBXBuildFile; fileRef = 89618A4118DDF0F700CF9F62 /* Main_iPad.storyboard */; };
		89618A4618DDF0F700CF9F62 /* ViewController.m in Sources */ = {isa = PBXBuildFile; fileRef = 89618A4518DDF0F700CF9F62 /* ViewController.m */; };
		89618A4818DDF0F700CF9F62 /* Images.xcassets in Resources */ = {isa = PBXBuildFile; fileRef = 89618A4718DDF0F700CF9F62 /* Images.xcassets */; };
		89618A4F18DDF0F700CF9F62 /* XCTest.framework in Frameworks */ = {isa = PBXBuildFile; fileRef = 89618A4E18DDF0F700CF9F62 /* XCTest.framework */; };
		89618A5018DDF0F700CF9F62 /* Foundation.framework in Frameworks */ = {isa = PBXBuildFile; fileRef = 89618A2C18DDF0F700CF9F62 /* Foundation.framework */; };
		89618A5118DDF0F700CF9F62 /* UIKit.framework in Frameworks */ = {isa = PBXBuildFile; fileRef = 89618A3018DDF0F700CF9F62 /* UIKit.framework */; };
		89618A5918DDF0F700CF9F62 /* InfoPlist.strings in Resources */ = {isa = PBXBuildFile; fileRef = 89618A5718DDF0F700CF9F62 /* InfoPlist.strings */; };
		89618A5B18DDF0F700CF9F62 /* ProfFinderTests.m in Sources */ = {isa = PBXBuildFile; fileRef = 89618A5A18DDF0F700CF9F62 /* ProfFinderTests.m */; };
		89618A6618DDF45100CF9F62 /* Go-Co.png in Resources */ = {isa = PBXBuildFile; fileRef = 89618A6518DDF45100CF9F62 /* Go-Co.png */; };
		89618A6918DDF70600CF9F62 /* checked_checkbox_128.png in Resources */ = {isa = PBXBuildFile; fileRef = 89618A6718DDF70600CF9F62 /* checked_checkbox_128.png */; };
		89618A6A18DDF70600CF9F62 /* unchecked_checkbox_128.png in Resources */ = {isa = PBXBuildFile; fileRef = 89618A6818DDF70600CF9F62 /* unchecked_checkbox_128.png */; };
		897A1DC118DE0CA400E0D7D9 /* SearchViewController.m in Sources */ = {isa = PBXBuildFile; fileRef = 897A1DC018DE0CA400E0D7D9 /* SearchViewController.m */; };
		897A1DDA18DE0F4700E0D7D9 /* SearchRequest.m in Sources */ = {isa = PBXBuildFile; fileRef = 897A1DD618DE0F4700E0D7D9 /* SearchRequest.m */; };
		897A1DDD18DE1E6E00E0D7D9 /* UserDefaults.m in Sources */ = {isa = PBXBuildFile; fileRef = 897A1DDC18DE1E6E00E0D7D9 /* UserDefaults.m */; };
		897A1DED18DE329600E0D7D9 /* profile-pic-default.png in Resources */ = {isa = PBXBuildFile; fileRef = 897A1DE518DE329600E0D7D9 /* profile-pic-default.png */; };
		897A1E1418DE39F100E0D7D9 /* AFHTTPRequestOperation.m in Sources */ = {isa = PBXBuildFile; fileRef = 897A1DF018DE39F100E0D7D9 /* AFHTTPRequestOperation.m */; };
		897A1E1518DE39F100E0D7D9 /* AFHTTPRequestOperationManager.m in Sources */ = {isa = PBXBuildFile; fileRef = 897A1DF218DE39F100E0D7D9 /* AFHTTPRequestOperationManager.m */; };
		897A1E1618DE39F100E0D7D9 /* AFHTTPSessionManager.m in Sources */ = {isa = PBXBuildFile; fileRef = 897A1DF418DE39F100E0D7D9 /* AFHTTPSessionManager.m */; };
		897A1E1718DE39F100E0D7D9 /* AFNetworkReachabilityManager.m in Sources */ = {isa = PBXBuildFile; fileRef = 897A1DF718DE39F100E0D7D9 /* AFNetworkReachabilityManager.m */; };
		897A1E1818DE39F100E0D7D9 /* AFSecurityPolicy.m in Sources */ = {isa = PBXBuildFile; fileRef = 897A1DF918DE39F100E0D7D9 /* AFSecurityPolicy.m */; };
		897A1E1918DE39F100E0D7D9 /* AFURLConnectionOperation.m in Sources */ = {isa = PBXBuildFile; fileRef = 897A1DFB18DE39F100E0D7D9 /* AFURLConnectionOperation.m */; };
		897A1E1A18DE39F100E0D7D9 /* AFURLRequestSerialization.m in Sources */ = {isa = PBXBuildFile; fileRef = 897A1DFD18DE39F100E0D7D9 /* AFURLRequestSerialization.m */; };
		897A1E1B18DE39F100E0D7D9 /* AFURLResponseSerialization.m in Sources */ = {isa = PBXBuildFile; fileRef = 897A1DFF18DE39F100E0D7D9 /* AFURLResponseSerialization.m */; };
		897A1E1C18DE39F100E0D7D9 /* AFURLSessionManager.m in Sources */ = {isa = PBXBuildFile; fileRef = 897A1E0118DE39F100E0D7D9 /* AFURLSessionManager.m */; };
		897A1E1D18DE39F100E0D7D9 /* AFNetworkActivityIndicatorManager.m in Sources */ = {isa = PBXBuildFile; fileRef = 897A1E0418DE39F100E0D7D9 /* AFNetworkActivityIndicatorManager.m */; };
		897A1E1E18DE39F100E0D7D9 /* UIActivityIndicatorView+AFNetworking.m in Sources */ = {isa = PBXBuildFile; fileRef = 897A1E0618DE39F100E0D7D9 /* UIActivityIndicatorView+AFNetworking.m */; };
		897A1E1F18DE39F100E0D7D9 /* UIAlertView+AFNetworking.m in Sources */ = {isa = PBXBuildFile; fileRef = 897A1E0818DE39F100E0D7D9 /* UIAlertView+AFNetworking.m */; };
		897A1E2018DE39F100E0D7D9 /* UIButton+AFNetworking.m in Sources */ = {isa = PBXBuildFile; fileRef = 897A1E0A18DE39F100E0D7D9 /* UIButton+AFNetworking.m */; };
		897A1E2118DE39F100E0D7D9 /* UIImageView+AFNetworking.m in Sources */ = {isa = PBXBuildFile; fileRef = 897A1E0C18DE39F100E0D7D9 /* UIImageView+AFNetworking.m */; };
		897A1E2218DE39F100E0D7D9 /* UIProgressView+AFNetworking.m in Sources */ = {isa = PBXBuildFile; fileRef = 897A1E0F18DE39F100E0D7D9 /* UIProgressView+AFNetworking.m */; };
		897A1E2318DE39F100E0D7D9 /* UIRefreshControl+AFNetworking.m in Sources */ = {isa = PBXBuildFile; fileRef = 897A1E1118DE39F100E0D7D9 /* UIRefreshControl+AFNetworking.m */; };
		897A1E2418DE39F100E0D7D9 /* UIWebView+AFNetworking.m in Sources */ = {isa = PBXBuildFile; fileRef = 897A1E1318DE39F100E0D7D9 /* UIWebView+AFNetworking.m */; };
		89A35F1D18DF4E2E00C7B546 /* WebViewController.m in Sources */ = {isa = PBXBuildFile; fileRef = 89A35F1C18DF4E2E00C7B546 /* WebViewController.m */; };
		89A35F1F18DF695400C7B546 /* scholarsearch.png in Resources */ = {isa = PBXBuildFile; fileRef = 89A35F1E18DF695400C7B546 /* scholarsearch.png */; };
/* End PBXBuildFile section */

/* Begin PBXContainerItemProxy section */
		89618A5218DDF0F700CF9F62 /* PBXContainerItemProxy */ = {
			isa = PBXContainerItemProxy;
			containerPortal = 89618A2118DDF0F700CF9F62 /* Project object */;
			proxyType = 1;
			remoteGlobalIDString = 89618A2818DDF0F700CF9F62;
			remoteInfo = ProfFinder;
		};
/* End PBXContainerItemProxy section */

/* Begin PBXFileReference section */
		891DEAD018DE5CA800072BE9 /* JSONModel+CoreData.h */ = {isa = PBXFileReference; fileEncoding = 4; lastKnownFileType = sourcecode.c.h; path = "JSONModel+CoreData.h"; sourceTree = "<group>"; };
		891DEAD118DE5CA800072BE9 /* JSONModel+CoreData.m */ = {isa = PBXFileReference; fileEncoding = 4; lastKnownFileType = sourcecode.c.objc; path = "JSONModel+CoreData.m"; sourceTree = "<group>"; };
		891DEAD218DE5CA800072BE9 /* JSONModel.h */ = {isa = PBXFileReference; fileEncoding = 4; lastKnownFileType = sourcecode.c.h; path = JSONModel.h; sourceTree = "<group>"; };
		891DEAD318DE5CA800072BE9 /* JSONModel.m */ = {isa = PBXFileReference; fileEncoding = 4; lastKnownFileType = sourcecode.c.objc; path = JSONModel.m; sourceTree = "<group>"; };
		891DEAD418DE5CA800072BE9 /* JSONModelArray.h */ = {isa = PBXFileReference; fileEncoding = 4; lastKnownFileType = sourcecode.c.h; path = JSONModelArray.h; sourceTree = "<group>"; };
		891DEAD518DE5CA800072BE9 /* JSONModelArray.m */ = {isa = PBXFileReference; fileEncoding = 4; lastKnownFileType = sourcecode.c.objc; path = JSONModelArray.m; sourceTree = "<group>"; };
		891DEAD618DE5CA800072BE9 /* JSONModelClassProperty.h */ = {isa = PBXFileReference; fileEncoding = 4; lastKnownFileType = sourcecode.c.h; path = JSONModelClassProperty.h; sourceTree = "<group>"; };
		891DEAD718DE5CA800072BE9 /* JSONModelClassProperty.m */ = {isa = PBXFileReference; fileEncoding = 4; lastKnownFileType = sourcecode.c.objc; path = JSONModelClassProperty.m; sourceTree = "<group>"; };
		891DEAD818DE5CA800072BE9 /* JSONModelError.h */ = {isa = PBXFileReference; fileEncoding = 4; lastKnownFileType = sourcecode.c.h; path = JSONModelError.h; sourceTree = "<group>"; };
		891DEAD918DE5CA800072BE9 /* JSONModelError.m */ = {isa = PBXFileReference; fileEncoding = 4; lastKnownFileType = sourcecode.c.objc; path = JSONModelError.m; sourceTree = "<group>"; };
		891DEADB18DE5CA800072BE9 /* NSArray+JSONModel.h */ = {isa = PBXFileReference; fileEncoding = 4; lastKnownFileType = sourcecode.c.h; path = "NSArray+JSONModel.h"; sourceTree = "<group>"; };
		891DEADC18DE5CA800072BE9 /* NSArray+JSONModel.m */ = {isa = PBXFileReference; fileEncoding = 4; lastKnownFileType = sourcecode.c.objc; path = "NSArray+JSONModel.m"; sourceTree = "<group>"; };
		891DEADD18DE5CA800072BE9 /* JSONModelLib.h */ = {isa = PBXFileReference; fileEncoding = 4; lastKnownFileType = sourcecode.c.h; path = JSONModelLib.h; sourceTree = "<group>"; };
		891DEADF18DE5CA800072BE9 /* JSONAPI.h */ = {isa = PBXFileReference; fileEncoding = 4; lastKnownFileType = sourcecode.c.h; path = JSONAPI.h; sourceTree = "<group>"; };
		891DEAE018DE5CA800072BE9 /* JSONAPI.m */ = {isa = PBXFileReference; fileEncoding = 4; lastKnownFileType = sourcecode.c.objc; path = JSONAPI.m; sourceTree = "<group>"; };
		891DEAE118DE5CA800072BE9 /* JSONHTTPClient.h */ = {isa = PBXFileReference; fileEncoding = 4; lastKnownFileType = sourcecode.c.h; path = JSONHTTPClient.h; sourceTree = "<group>"; };
		891DEAE218DE5CA800072BE9 /* JSONHTTPClient.m */ = {isa = PBXFileReference; fileEncoding = 4; lastKnownFileType = sourcecode.c.objc; path = JSONHTTPClient.m; sourceTree = "<group>"; };
		891DEAE318DE5CA800072BE9 /* JSONModel+networking.h */ = {isa = PBXFileReference; fileEncoding = 4; lastKnownFileType = sourcecode.c.h; path = "JSONModel+networking.h"; sourceTree = "<group>"; };
		891DEAE418DE5CA800072BE9 /* JSONModel+networking.m */ = {isa = PBXFileReference; fileEncoding = 4; lastKnownFileType = sourcecode.c.objc; path = "JSONModel+networking.m"; sourceTree = "<group>"; };
		891DEAE618DE5CA800072BE9 /* JSONKeyMapper.h */ = {isa = PBXFileReference; fileEncoding = 4; lastKnownFileType = sourcecode.c.h; path = JSONKeyMapper.h; sourceTree = "<group>"; };
		891DEAE718DE5CA800072BE9 /* JSONKeyMapper.m */ = {isa = PBXFileReference; fileEncoding = 4; lastKnownFileType = sourcecode.c.objc; path = JSONKeyMapper.m; sourceTree = "<group>"; };
		891DEAE818DE5CA800072BE9 /* JSONValueTransformer.h */ = {isa = PBXFileReference; fileEncoding = 4; lastKnownFileType = sourcecode.c.h; path = JSONValueTransformer.h; sourceTree = "<group>"; };
		891DEAE918DE5CA800072BE9 /* JSONValueTransformer.m */ = {isa = PBXFileReference; fileEncoding = 4; lastKnownFileType = sourcecode.c.objc; path = JSONValueTransformer.m; sourceTree = "<group>"; };
		893BF63118DF35270061269D /* CareerFair.txt */ = {isa = PBXFileReference; fileEncoding = 4; lastKnownFileType = text; path = CareerFair.txt; sourceTree = "<group>"; };
		893BF63218DF35270061269D /* Informatics.txt */ = {isa = PBXFileReference; fileEncoding = 4; lastKnownFileType = text; path = Informatics.txt; sourceTree = "<group>"; };
		895A81DD18DE7EB5003F739C /* career-fair-1.png */ = {isa = PBXFileReference; lastKnownFileType = image.png; path = "career-fair-1.png"; sourceTree = "<group>"; };
		895A81DE18DE7EB5003F739C /* career-fair-2.png */ = {isa = PBXFileReference; lastKnownFileType = image.png; path = "career-fair-2.png"; sourceTree = "<group>"; };
		895A81DF18DE7EB5003F739C /* career-fair-3.png */ = {isa = PBXFileReference; lastKnownFileType = image.png; path = "career-fair-3.png"; sourceTree = "<group>"; };
		895A81E018DE7EB5003F739C /* career-fair-4.png */ = {isa = PBXFileReference; lastKnownFileType = image.png; path = "career-fair-4.png"; sourceTree = "<group>"; };
		895A81E118DE7EB5003F739C /* career-fair-5.png */ = {isa = PBXFileReference; lastKnownFileType = image.png; path = "career-fair-5.png"; sourceTree = "<group>"; };
		895A81E218DE7EB5003F739C /* career-fair-6.png */ = {isa = PBXFileReference; lastKnownFileType = image.png; path = "career-fair-6.png"; sourceTree = "<group>"; };
		895A81E318DE7EB5003F739C /* career-fair-7.png */ = {isa = PBXFileReference; lastKnownFileType = image.png; path = "career-fair-7.png"; sourceTree = "<group>"; };
		89618A2918DDF0F700CF9F62 /* ProfFinder.app */ = {isa = PBXFileReference; explicitFileType = wrapper.application; includeInIndex = 0; path = ProfFinder.app; sourceTree = BUILT_PRODUCTS_DIR; };
		89618A2C18DDF0F700CF9F62 /* Foundation.framework */ = {isa = PBXFileReference; lastKnownFileType = wrapper.framework; name = Foundation.framework; path = System/Library/Frameworks/Foundation.framework; sourceTree = SDKROOT; };
		89618A2E18DDF0F700CF9F62 /* CoreGraphics.framework */ = {isa = PBXFileReference; lastKnownFileType = wrapper.framework; name = CoreGraphics.framework; path = System/Library/Frameworks/CoreGraphics.framework; sourceTree = SDKROOT; };
		89618A3018DDF0F700CF9F62 /* UIKit.framework */ = {isa = PBXFileReference; lastKnownFileType = wrapper.framework; name = UIKit.framework; path = System/Library/Frameworks/UIKit.framework; sourceTree = SDKROOT; };
		89618A3418DDF0F700CF9F62 /* ProfFinder-Info.plist */ = {isa = PBXFileReference; lastKnownFileType = text.plist.xml; path = "ProfFinder-Info.plist"; sourceTree = "<group>"; };
		89618A3618DDF0F700CF9F62 /* en */ = {isa = PBXFileReference; lastKnownFileType = text.plist.strings; name = en; path = en.lproj/InfoPlist.strings; sourceTree = "<group>"; };
		89618A3818DDF0F700CF9F62 /* main.m */ = {isa = PBXFileReference; lastKnownFileType = sourcecode.c.objc; path = main.m; sourceTree = "<group>"; };
		89618A3A18DDF0F700CF9F62 /* ProfFinder-Prefix.pch */ = {isa = PBXFileReference; lastKnownFileType = sourcecode.c.h; path = "ProfFinder-Prefix.pch"; sourceTree = "<group>"; };
		89618A3B18DDF0F700CF9F62 /* AppDelegate.h */ = {isa = PBXFileReference; lastKnownFileType = sourcecode.c.h; path = AppDelegate.h; sourceTree = "<group>"; };
		89618A3C18DDF0F700CF9F62 /* AppDelegate.m */ = {isa = PBXFileReference; lastKnownFileType = sourcecode.c.objc; path = AppDelegate.m; sourceTree = "<group>"; };
		89618A3F18DDF0F700CF9F62 /* Base */ = {isa = PBXFileReference; lastKnownFileType = file.storyboard; name = Base; path = Base.lproj/Main_iPhone.storyboard; sourceTree = "<group>"; };
		89618A4218DDF0F700CF9F62 /* Base */ = {isa = PBXFileReference; lastKnownFileType = file.storyboard; name = Base; path = Base.lproj/Main_iPad.storyboard; sourceTree = "<group>"; };
		89618A4418DDF0F700CF9F62 /* ViewController.h */ = {isa = PBXFileReference; lastKnownFileType = sourcecode.c.h; path = ViewController.h; sourceTree = "<group>"; };
		89618A4518DDF0F700CF9F62 /* ViewController.m */ = {isa = PBXFileReference; lastKnownFileType = sourcecode.c.objc; path = ViewController.m; sourceTree = "<group>"; };
		89618A4718DDF0F700CF9F62 /* Images.xcassets */ = {isa = PBXFileReference; lastKnownFileType = folder.assetcatalog; path = Images.xcassets; sourceTree = "<group>"; };
		89618A4D18DDF0F700CF9F62 /* ProfFinderTests.xctest */ = {isa = PBXFileReference; explicitFileType = wrapper.cfbundle; includeInIndex = 0; path = ProfFinderTests.xctest; sourceTree = BUILT_PRODUCTS_DIR; };
		89618A4E18DDF0F700CF9F62 /* XCTest.framework */ = {isa = PBXFileReference; lastKnownFileType = wrapper.framework; name = XCTest.framework; path = Library/Frameworks/XCTest.framework; sourceTree = DEVELOPER_DIR; };
		89618A5618DDF0F700CF9F62 /* ProfFinderTests-Info.plist */ = {isa = PBXFileReference; lastKnownFileType = text.plist.xml; path = "ProfFinderTests-Info.plist"; sourceTree = "<group>"; };
		89618A5818DDF0F700CF9F62 /* en */ = {isa = PBXFileReference; lastKnownFileType = text.plist.strings; name = en; path = en.lproj/InfoPlist.strings; sourceTree = "<group>"; };
		89618A5A18DDF0F700CF9F62 /* ProfFinderTests.m */ = {isa = PBXFileReference; lastKnownFileType = sourcecode.c.objc; path = ProfFinderTests.m; sourceTree = "<group>"; };
		89618A6518DDF45100CF9F62 /* Go-Co.png */ = {isa = PBXFileReference; lastKnownFileType = image.png; path = "Go-Co.png"; sourceTree = "<group>"; };
		89618A6718DDF70600CF9F62 /* checked_checkbox_128.png */ = {isa = PBXFileReference; lastKnownFileType = image.png; path = checked_checkbox_128.png; sourceTree = "<group>"; };
		89618A6818DDF70600CF9F62 /* unchecked_checkbox_128.png */ = {isa = PBXFileReference; lastKnownFileType = image.png; path = unchecked_checkbox_128.png; sourceTree = "<group>"; };
		897A1DBF18DE0CA400E0D7D9 /* SearchViewController.h */ = {isa = PBXFileReference; fileEncoding = 4; lastKnownFileType = sourcecode.c.h; name = SearchViewController.h; path = ../SearchViewController.h; sourceTree = "<group>"; };
		897A1DC018DE0CA400E0D7D9 /* SearchViewController.m */ = {isa = PBXFileReference; fileEncoding = 4; lastKnownFileType = sourcecode.c.objc; name = SearchViewController.m; path = ../SearchViewController.m; sourceTree = "<group>"; };
		897A1DD518DE0F4700E0D7D9 /* SearchRequest.h */ = {isa = PBXFileReference; fileEncoding = 4; lastKnownFileType = sourcecode.c.h; path = SearchRequest.h; sourceTree = "<group>"; };
		897A1DD618DE0F4700E0D7D9 /* SearchRequest.m */ = {isa = PBXFileReference; fileEncoding = 4; lastKnownFileType = sourcecode.c.objc; path = SearchRequest.m; sourceTree = "<group>"; };
		897A1DDB18DE1E6E00E0D7D9 /* UserDefaults.h */ = {isa = PBXFileReference; fileEncoding = 4; lastKnownFileType = sourcecode.c.h; path = UserDefaults.h; sourceTree = "<group>"; };
		897A1DDC18DE1E6E00E0D7D9 /* UserDefaults.m */ = {isa = PBXFileReference; fileEncoding = 4; lastKnownFileType = sourcecode.c.objc; path = UserDefaults.m; sourceTree = "<group>"; };
		897A1DE518DE329600E0D7D9 /* profile-pic-default.png */ = {isa = PBXFileReference; lastKnownFileType = image.png; path = "profile-pic-default.png"; sourceTree = "<group>"; };
		897A1DEF18DE39F100E0D7D9 /* AFHTTPRequestOperation.h */ = {isa = PBXFileReference; fileEncoding = 4; lastKnownFileType = sourcecode.c.h; path = AFHTTPRequestOperation.h; sourceTree = "<group>"; };
		897A1DF018DE39F100E0D7D9 /* AFHTTPRequestOperation.m */ = {isa = PBXFileReference; fileEncoding = 4; lastKnownFileType = sourcecode.c.objc; path = AFHTTPRequestOperation.m; sourceTree = "<group>"; };
		897A1DF118DE39F100E0D7D9 /* AFHTTPRequestOperationManager.h */ = {isa = PBXFileReference; fileEncoding = 4; lastKnownFileType = sourcecode.c.h; path = AFHTTPRequestOperationManager.h; sourceTree = "<group>"; };
		897A1DF218DE39F100E0D7D9 /* AFHTTPRequestOperationManager.m */ = {isa = PBXFileReference; fileEncoding = 4; lastKnownFileType = sourcecode.c.objc; path = AFHTTPRequestOperationManager.m; sourceTree = "<group>"; };
		897A1DF318DE39F100E0D7D9 /* AFHTTPSessionManager.h */ = {isa = PBXFileReference; fileEncoding = 4; lastKnownFileType = sourcecode.c.h; path = AFHTTPSessionManager.h; sourceTree = "<group>"; };
		897A1DF418DE39F100E0D7D9 /* AFHTTPSessionManager.m */ = {isa = PBXFileReference; fileEncoding = 4; lastKnownFileType = sourcecode.c.objc; path = AFHTTPSessionManager.m; sourceTree = "<group>"; };
		897A1DF518DE39F100E0D7D9 /* AFNetworking.h */ = {isa = PBXFileReference; fileEncoding = 4; lastKnownFileType = sourcecode.c.h; path = AFNetworking.h; sourceTree = "<group>"; };
		897A1DF618DE39F100E0D7D9 /* AFNetworkReachabilityManager.h */ = {isa = PBXFileReference; fileEncoding = 4; lastKnownFileType = sourcecode.c.h; path = AFNetworkReachabilityManager.h; sourceTree = "<group>"; };
		897A1DF718DE39F100E0D7D9 /* AFNetworkReachabilityManager.m */ = {isa = PBXFileReference; fileEncoding = 4; lastKnownFileType = sourcecode.c.objc; path = AFNetworkReachabilityManager.m; sourceTree = "<group>"; };
		897A1DF818DE39F100E0D7D9 /* AFSecurityPolicy.h */ = {isa = PBXFileReference; fileEncoding = 4; lastKnownFileType = sourcecode.c.h; path = AFSecurityPolicy.h; sourceTree = "<group>"; };
		897A1DF918DE39F100E0D7D9 /* AFSecurityPolicy.m */ = {isa = PBXFileReference; fileEncoding = 4; lastKnownFileType = sourcecode.c.objc; path = AFSecurityPolicy.m; sourceTree = "<group>"; };
		897A1DFA18DE39F100E0D7D9 /* AFURLConnectionOperation.h */ = {isa = PBXFileReference; fileEncoding = 4; lastKnownFileType = sourcecode.c.h; path = AFURLConnectionOperation.h; sourceTree = "<group>"; };
		897A1DFB18DE39F100E0D7D9 /* AFURLConnectionOperation.m */ = {isa = PBXFileReference; fileEncoding = 4; lastKnownFileType = sourcecode.c.objc; path = AFURLConnectionOperation.m; sourceTree = "<group>"; };
		897A1DFC18DE39F100E0D7D9 /* AFURLRequestSerialization.h */ = {isa = PBXFileReference; fileEncoding = 4; lastKnownFileType = sourcecode.c.h; path = AFURLRequestSerialization.h; sourceTree = "<group>"; };
		897A1DFD18DE39F100E0D7D9 /* AFURLRequestSerialization.m */ = {isa = PBXFileReference; fileEncoding = 4; lastKnownFileType = sourcecode.c.objc; path = AFURLRequestSerialization.m; sourceTree = "<group>"; };
		897A1DFE18DE39F100E0D7D9 /* AFURLResponseSerialization.h */ = {isa = PBXFileReference; fileEncoding = 4; lastKnownFileType = sourcecode.c.h; path = AFURLResponseSerialization.h; sourceTree = "<group>"; };
		897A1DFF18DE39F100E0D7D9 /* AFURLResponseSerialization.m */ = {isa = PBXFileReference; fileEncoding = 4; lastKnownFileType = sourcecode.c.objc; path = AFURLResponseSerialization.m; sourceTree = "<group>"; };
		897A1E0018DE39F100E0D7D9 /* AFURLSessionManager.h */ = {isa = PBXFileReference; fileEncoding = 4; lastKnownFileType = sourcecode.c.h; path = AFURLSessionManager.h; sourceTree = "<group>"; };
		897A1E0118DE39F100E0D7D9 /* AFURLSessionManager.m */ = {isa = PBXFileReference; fileEncoding = 4; lastKnownFileType = sourcecode.c.objc; path = AFURLSessionManager.m; sourceTree = "<group>"; };
		897A1E0318DE39F100E0D7D9 /* AFNetworkActivityIndicatorManager.h */ = {isa = PBXFileReference; fileEncoding = 4; lastKnownFileType = sourcecode.c.h; path = AFNetworkActivityIndicatorManager.h; sourceTree = "<group>"; };
		897A1E0418DE39F100E0D7D9 /* AFNetworkActivityIndicatorManager.m */ = {isa = PBXFileReference; fileEncoding = 4; lastKnownFileType = sourcecode.c.objc; path = AFNetworkActivityIndicatorManager.m; sourceTree = "<group>"; };
		897A1E0518DE39F100E0D7D9 /* UIActivityIndicatorView+AFNetworking.h */ = {isa = PBXFileReference; fileEncoding = 4; lastKnownFileType = sourcecode.c.h; path = "UIActivityIndicatorView+AFNetworking.h"; sourceTree = "<group>"; };
		897A1E0618DE39F100E0D7D9 /* UIActivityIndicatorView+AFNetworking.m */ = {isa = PBXFileReference; fileEncoding = 4; lastKnownFileType = sourcecode.c.objc; path = "UIActivityIndicatorView+AFNetworking.m"; sourceTree = "<group>"; };
		897A1E0718DE39F100E0D7D9 /* UIAlertView+AFNetworking.h */ = {isa = PBXFileReference; fileEncoding = 4; lastKnownFileType = sourcecode.c.h; path = "UIAlertView+AFNetworking.h"; sourceTree = "<group>"; };
		897A1E0818DE39F100E0D7D9 /* UIAlertView+AFNetworking.m */ = {isa = PBXFileReference; fileEncoding = 4; lastKnownFileType = sourcecode.c.objc; path = "UIAlertView+AFNetworking.m"; sourceTree = "<group>"; };
		897A1E0918DE39F100E0D7D9 /* UIButton+AFNetworking.h */ = {isa = PBXFileReference; fileEncoding = 4; lastKnownFileType = sourcecode.c.h; path = "UIButton+AFNetworking.h"; sourceTree = "<group>"; };
		897A1E0A18DE39F100E0D7D9 /* UIButton+AFNetworking.m */ = {isa = PBXFileReference; fileEncoding = 4; lastKnownFileType = sourcecode.c.objc; path = "UIButton+AFNetworking.m"; sourceTree = "<group>"; };
		897A1E0B18DE39F100E0D7D9 /* UIImageView+AFNetworking.h */ = {isa = PBXFileReference; fileEncoding = 4; lastKnownFileType = sourcecode.c.h; path = "UIImageView+AFNetworking.h"; sourceTree = "<group>"; };
		897A1E0C18DE39F100E0D7D9 /* UIImageView+AFNetworking.m */ = {isa = PBXFileReference; fileEncoding = 4; lastKnownFileType = sourcecode.c.objc; path = "UIImageView+AFNetworking.m"; sourceTree = "<group>"; };
		897A1E0D18DE39F100E0D7D9 /* UIKit+AFNetworking.h */ = {isa = PBXFileReference; fileEncoding = 4; lastKnownFileType = sourcecode.c.h; path = "UIKit+AFNetworking.h"; sourceTree = "<group>"; };
		897A1E0E18DE39F100E0D7D9 /* UIProgressView+AFNetworking.h */ = {isa = PBXFileReference; fileEncoding = 4; lastKnownFileType = sourcecode.c.h; path = "UIProgressView+AFNetworking.h"; sourceTree = "<group>"; };
		897A1E0F18DE39F100E0D7D9 /* UIProgressView+AFNetworking.m */ = {isa = PBXFileReference; fileEncoding = 4; lastKnownFileType = sourcecode.c.objc; path = "UIProgressView+AFNetworking.m"; sourceTree = "<group>"; };
		897A1E1018DE39F100E0D7D9 /* UIRefreshControl+AFNetworking.h */ = {isa = PBXFileReference; fileEncoding = 4; lastKnownFileType = sourcecode.c.h; path = "UIRefreshControl+AFNetworking.h"; sourceTree = "<group>"; };
		897A1E1118DE39F100E0D7D9 /* UIRefreshControl+AFNetworking.m */ = {isa = PBXFileReference; fileEncoding = 4; lastKnownFileType = sourcecode.c.objc; path = "UIRefreshControl+AFNetworking.m"; sourceTree = "<group>"; };
		897A1E1218DE39F100E0D7D9 /* UIWebView+AFNetworking.h */ = {isa = PBXFileReference; fileEncoding = 4; lastKnownFileType = sourcecode.c.h; path = "UIWebView+AFNetworking.h"; sourceTree = "<group>"; };
		897A1E1318DE39F100E0D7D9 /* UIWebView+AFNetworking.m */ = {isa = PBXFileReference; fileEncoding = 4; lastKnownFileType = sourcecode.c.objc; path = "UIWebView+AFNetworking.m"; sourceTree = "<group>"; };
		89A35F1B18DF4E2E00C7B546 /* WebViewController.h */ = {isa = PBXFileReference; fileEncoding = 4; lastKnownFileType = sourcecode.c.h; name = WebViewController.h; path = ProfFinder/WebViewController.h; sourceTree = SOURCE_ROOT; };
		89A35F1C18DF4E2E00C7B546 /* WebViewController.m */ = {isa = PBXFileReference; fileEncoding = 4; lastKnownFileType = sourcecode.c.objc; name = WebViewController.m; path = ProfFinder/WebViewController.m; sourceTree = SOURCE_ROOT; };
		89A35F1E18DF695400C7B546 /* scholarsearch.png */ = {isa = PBXFileReference; lastKnownFileType = image.png; path = scholarsearch.png; sourceTree = "<group>"; };
/* End PBXFileReference section */

/* Begin PBXFrameworksBuildPhase section */
		89618A2618DDF0F700CF9F62 /* Frameworks */ = {
			isa = PBXFrameworksBuildPhase;
			buildActionMask = 2147483647;
			files = (
				89618A2F18DDF0F700CF9F62 /* CoreGraphics.framework in Frameworks */,
				89618A3118DDF0F700CF9F62 /* UIKit.framework in Frameworks */,
				89618A2D18DDF0F700CF9F62 /* Foundation.framework in Frameworks */,
			);
			runOnlyForDeploymentPostprocessing = 0;
		};
		89618A4A18DDF0F700CF9F62 /* Frameworks */ = {
			isa = PBXFrameworksBuildPhase;
			buildActionMask = 2147483647;
			files = (
				89618A4F18DDF0F700CF9F62 /* XCTest.framework in Frameworks */,
				89618A5118DDF0F700CF9F62 /* UIKit.framework in Frameworks */,
				89618A5018DDF0F700CF9F62 /* Foundation.framework in Frameworks */,
			);
			runOnlyForDeploymentPostprocessing = 0;
		};
/* End PBXFrameworksBuildPhase section */

/* Begin PBXGroup section */
		891DEACE18DE5CA800072BE9 /* JSONModel */ = {
			isa = PBXGroup;
			children = (
				891DEACF18DE5CA800072BE9 /* JSONModel */,
				891DEADA18DE5CA800072BE9 /* JSONModelCategories */,
				891DEADD18DE5CA800072BE9 /* JSONModelLib.h */,
				891DEADE18DE5CA800072BE9 /* JSONModelNetworking */,
				891DEAE518DE5CA800072BE9 /* JSONModelTransformations */,
			);
			path = JSONModel;
			sourceTree = "<group>";
		};
		891DEACF18DE5CA800072BE9 /* JSONModel */ = {
			isa = PBXGroup;
			children = (
				891DEAD018DE5CA800072BE9 /* JSONModel+CoreData.h */,
				891DEAD118DE5CA800072BE9 /* JSONModel+CoreData.m */,
				891DEAD218DE5CA800072BE9 /* JSONModel.h */,
				891DEAD318DE5CA800072BE9 /* JSONModel.m */,
				891DEAD418DE5CA800072BE9 /* JSONModelArray.h */,
				891DEAD518DE5CA800072BE9 /* JSONModelArray.m */,
				891DEAD618DE5CA800072BE9 /* JSONModelClassProperty.h */,
				891DEAD718DE5CA800072BE9 /* JSONModelClassProperty.m */,
				891DEAD818DE5CA800072BE9 /* JSONModelError.h */,
				891DEAD918DE5CA800072BE9 /* JSONModelError.m */,
			);
			path = JSONModel;
			sourceTree = "<group>";
		};
		891DEADA18DE5CA800072BE9 /* JSONModelCategories */ = {
			isa = PBXGroup;
			children = (
				891DEADB18DE5CA800072BE9 /* NSArray+JSONModel.h */,
				891DEADC18DE5CA800072BE9 /* NSArray+JSONModel.m */,
			);
			path = JSONModelCategories;
			sourceTree = "<group>";
		};
		891DEADE18DE5CA800072BE9 /* JSONModelNetworking */ = {
			isa = PBXGroup;
			children = (
				891DEADF18DE5CA800072BE9 /* JSONAPI.h */,
				891DEAE018DE5CA800072BE9 /* JSONAPI.m */,
				891DEAE118DE5CA800072BE9 /* JSONHTTPClient.h */,
				891DEAE218DE5CA800072BE9 /* JSONHTTPClient.m */,
				891DEAE318DE5CA800072BE9 /* JSONModel+networking.h */,
				891DEAE418DE5CA800072BE9 /* JSONModel+networking.m */,
			);
			path = JSONModelNetworking;
			sourceTree = "<group>";
		};
		891DEAE518DE5CA800072BE9 /* JSONModelTransformations */ = {
			isa = PBXGroup;
			children = (
				891DEAE618DE5CA800072BE9 /* JSONKeyMapper.h */,
				891DEAE718DE5CA800072BE9 /* JSONKeyMapper.m */,
				891DEAE818DE5CA800072BE9 /* JSONValueTransformer.h */,
				891DEAE918DE5CA800072BE9 /* JSONValueTransformer.m */,
			);
			path = JSONModelTransformations;
			sourceTree = "<group>";
		};
		89618A2018DDF0F700CF9F62 = {
			isa = PBXGroup;
			children = (
				89618A6418DDF45100CF9F62 /* Images */,
				89618A3218DDF0F700CF9F62 /* ProfFinder */,
				89618A5418DDF0F700CF9F62 /* ProfFinderTests */,
				89618A2B18DDF0F700CF9F62 /* Frameworks */,
				89618A2A18DDF0F700CF9F62 /* Products */,
			);
			sourceTree = "<group>";
		};
		89618A2A18DDF0F700CF9F62 /* Products */ = {
			isa = PBXGroup;
			children = (
				89618A2918DDF0F700CF9F62 /* ProfFinder.app */,
				89618A4D18DDF0F700CF9F62 /* ProfFinderTests.xctest */,
			);
			name = Products;
			sourceTree = "<group>";
		};
		89618A2B18DDF0F700CF9F62 /* Frameworks */ = {
			isa = PBXGroup;
			children = (
				89618A2C18DDF0F700CF9F62 /* Foundation.framework */,
				89618A2E18DDF0F700CF9F62 /* CoreGraphics.framework */,
				89618A3018DDF0F700CF9F62 /* UIKit.framework */,
				89618A4E18DDF0F700CF9F62 /* XCTest.framework */,
			);
			name = Frameworks;
			sourceTree = "<group>";
		};
		89618A3218DDF0F700CF9F62 /* ProfFinder */ = {
			isa = PBXGroup;
			children = (
				891DEACE18DE5CA800072BE9 /* JSONModel */,
				897A1DEE18DE39F100E0D7D9 /* AFNetworking */,
				897A1E0218DE39F100E0D7D9 /* UIKit+AFNetworking */,
				897A1DCE18DE0F4700E0D7D9 /* SearchData */,
				89A35F1B18DF4E2E00C7B546 /* WebViewController.h */,
				89A35F1C18DF4E2E00C7B546 /* WebViewController.m */,
				897A1DDB18DE1E6E00E0D7D9 /* UserDefaults.h */,
				897A1DDC18DE1E6E00E0D7D9 /* UserDefaults.m */,
				89618A3B18DDF0F700CF9F62 /* AppDelegate.h */,
				89618A3C18DDF0F700CF9F62 /* AppDelegate.m */,
				89618A3E18DDF0F700CF9F62 /* Main_iPhone.storyboard */,
				89618A4118DDF0F700CF9F62 /* Main_iPad.storyboard */,
				89618A4418DDF0F700CF9F62 /* ViewController.h */,
				89618A4518DDF0F700CF9F62 /* ViewController.m */,
				89618A4718DDF0F700CF9F62 /* Images.xcassets */,
				89618A3318DDF0F700CF9F62 /* Supporting Files */,
			);
			path = ProfFinder;
			sourceTree = "<group>";
		};
		89618A3318DDF0F700CF9F62 /* Supporting Files */ = {
			isa = PBXGroup;
			children = (
				89618A3418DDF0F700CF9F62 /* ProfFinder-Info.plist */,
				89618A3518DDF0F700CF9F62 /* InfoPlist.strings */,
				89618A3818DDF0F700CF9F62 /* main.m */,
				89618A3A18DDF0F700CF9F62 /* ProfFinder-Prefix.pch */,
			);
			name = "Supporting Files";
			sourceTree = "<group>";
		};
		89618A5418DDF0F700CF9F62 /* ProfFinderTests */ = {
			isa = PBXGroup;
			children = (
				89618A5A18DDF0F700CF9F62 /* ProfFinderTests.m */,
				89618A5518DDF0F700CF9F62 /* Supporting Files */,
			);
			path = ProfFinderTests;
			sourceTree = "<group>";
		};
		89618A5518DDF0F700CF9F62 /* Supporting Files */ = {
			isa = PBXGroup;
			children = (
				89618A5618DDF0F700CF9F62 /* ProfFinderTests-Info.plist */,
				89618A5718DDF0F700CF9F62 /* InfoPlist.strings */,
			);
			name = "Supporting Files";
			sourceTree = "<group>";
		};
		89618A6418DDF45100CF9F62 /* Images */ = {
			isa = PBXGroup;
			children = (
				89A35F1E18DF695400C7B546 /* scholarsearch.png */,
				895A81DD18DE7EB5003F739C /* career-fair-1.png */,
				895A81DE18DE7EB5003F739C /* career-fair-2.png */,
				895A81DF18DE7EB5003F739C /* career-fair-3.png */,
				895A81E018DE7EB5003F739C /* career-fair-4.png */,
				895A81E118DE7EB5003F739C /* career-fair-5.png */,
				895A81E218DE7EB5003F739C /* career-fair-6.png */,
				895A81E318DE7EB5003F739C /* career-fair-7.png */,
				897A1DE518DE329600E0D7D9 /* profile-pic-default.png */,
				89618A6718DDF70600CF9F62 /* checked_checkbox_128.png */,
				89618A6818DDF70600CF9F62 /* unchecked_checkbox_128.png */,
				89618A6518DDF45100CF9F62 /* Go-Co.png */,
			);
			name = Images;
			path = ProfFinder/Images;
			sourceTree = "<group>";
		};
		897A1DCE18DE0F4700E0D7D9 /* SearchData */ = {
			isa = PBXGroup;
			children = (
				893BF63118DF35270061269D /* CareerFair.txt */,
				893BF63218DF35270061269D /* Informatics.txt */,
				897A1DBF18DE0CA400E0D7D9 /* SearchViewController.h */,
				897A1DC018DE0CA400E0D7D9 /* SearchViewController.m */,
				897A1DD518DE0F4700E0D7D9 /* SearchRequest.h */,
				897A1DD618DE0F4700E0D7D9 /* SearchRequest.m */,
			);
			path = SearchData;
			sourceTree = "<group>";
		};
		897A1DEE18DE39F100E0D7D9 /* AFNetworking */ = {
			isa = PBXGroup;
			children = (
				897A1DEF18DE39F100E0D7D9 /* AFHTTPRequestOperation.h */,
				897A1DF018DE39F100E0D7D9 /* AFHTTPRequestOperation.m */,
				897A1DF118DE39F100E0D7D9 /* AFHTTPRequestOperationManager.h */,
				897A1DF218DE39F100E0D7D9 /* AFHTTPRequestOperationManager.m */,
				897A1DF318DE39F100E0D7D9 /* AFHTTPSessionManager.h */,
				897A1DF418DE39F100E0D7D9 /* AFHTTPSessionManager.m */,
				897A1DF518DE39F100E0D7D9 /* AFNetworking.h */,
				897A1DF618DE39F100E0D7D9 /* AFNetworkReachabilityManager.h */,
				897A1DF718DE39F100E0D7D9 /* AFNetworkReachabilityManager.m */,
				897A1DF818DE39F100E0D7D9 /* AFSecurityPolicy.h */,
				897A1DF918DE39F100E0D7D9 /* AFSecurityPolicy.m */,
				897A1DFA18DE39F100E0D7D9 /* AFURLConnectionOperation.h */,
				897A1DFB18DE39F100E0D7D9 /* AFURLConnectionOperation.m */,
				897A1DFC18DE39F100E0D7D9 /* AFURLRequestSerialization.h */,
				897A1DFD18DE39F100E0D7D9 /* AFURLRequestSerialization.m */,
				897A1DFE18DE39F100E0D7D9 /* AFURLResponseSerialization.h */,
				897A1DFF18DE39F100E0D7D9 /* AFURLResponseSerialization.m */,
				897A1E0018DE39F100E0D7D9 /* AFURLSessionManager.h */,
				897A1E0118DE39F100E0D7D9 /* AFURLSessionManager.m */,
			);
			path = AFNetworking;
			sourceTree = "<group>";
		};
		897A1E0218DE39F100E0D7D9 /* UIKit+AFNetworking */ = {
			isa = PBXGroup;
			children = (
				897A1E0318DE39F100E0D7D9 /* AFNetworkActivityIndicatorManager.h */,
				897A1E0418DE39F100E0D7D9 /* AFNetworkActivityIndicatorManager.m */,
				897A1E0518DE39F100E0D7D9 /* UIActivityIndicatorView+AFNetworking.h */,
				897A1E0618DE39F100E0D7D9 /* UIActivityIndicatorView+AFNetworking.m */,
				897A1E0718DE39F100E0D7D9 /* UIAlertView+AFNetworking.h */,
				897A1E0818DE39F100E0D7D9 /* UIAlertView+AFNetworking.m */,
				897A1E0918DE39F100E0D7D9 /* UIButton+AFNetworking.h */,
				897A1E0A18DE39F100E0D7D9 /* UIButton+AFNetworking.m */,
				897A1E0B18DE39F100E0D7D9 /* UIImageView+AFNetworking.h */,
				897A1E0C18DE39F100E0D7D9 /* UIImageView+AFNetworking.m */,
				897A1E0D18DE39F100E0D7D9 /* UIKit+AFNetworking.h */,
				897A1E0E18DE39F100E0D7D9 /* UIProgressView+AFNetworking.h */,
				897A1E0F18DE39F100E0D7D9 /* UIProgressView+AFNetworking.m */,
				897A1E1018DE39F100E0D7D9 /* UIRefreshControl+AFNetworking.h */,
				897A1E1118DE39F100E0D7D9 /* UIRefreshControl+AFNetworking.m */,
				897A1E1218DE39F100E0D7D9 /* UIWebView+AFNetworking.h */,
				897A1E1318DE39F100E0D7D9 /* UIWebView+AFNetworking.m */,
			);
			path = "UIKit+AFNetworking";
			sourceTree = "<group>";
		};
/* End PBXGroup section */

/* Begin PBXNativeTarget section */
		89618A2818DDF0F700CF9F62 /* ProfFinder */ = {
			isa = PBXNativeTarget;
			buildConfigurationList = 89618A5E18DDF0F700CF9F62 /* Build configuration list for PBXNativeTarget "ProfFinder" */;
			buildPhases = (
				89618A2518DDF0F700CF9F62 /* Sources */,
				89618A2618DDF0F700CF9F62 /* Frameworks */,
				89618A2718DDF0F700CF9F62 /* Resources */,
			);
			buildRules = (
			);
			dependencies = (
			);
			name = ProfFinder;
			productName = ProfFinder;
			productReference = 89618A2918DDF0F700CF9F62 /* ProfFinder.app */;
			productType = "com.apple.product-type.application";
		};
		89618A4C18DDF0F700CF9F62 /* ProfFinderTests */ = {
			isa = PBXNativeTarget;
			buildConfigurationList = 89618A6118DDF0F700CF9F62 /* Build configuration list for PBXNativeTarget "ProfFinderTests" */;
			buildPhases = (
				89618A4918DDF0F700CF9F62 /* Sources */,
				89618A4A18DDF0F700CF9F62 /* Frameworks */,
				89618A4B18DDF0F700CF9F62 /* Resources */,
			);
			buildRules = (
			);
			dependencies = (
				89618A5318DDF0F700CF9F62 /* PBXTargetDependency */,
			);
			name = ProfFinderTests;
			productName = ProfFinderTests;
			productReference = 89618A4D18DDF0F700CF9F62 /* ProfFinderTests.xctest */;
			productType = "com.apple.product-type.bundle.unit-test";
		};
/* End PBXNativeTarget section */

/* Begin PBXProject section */
		89618A2118DDF0F700CF9F62 /* Project object */ = {
			isa = PBXProject;
			attributes = {
				LastUpgradeCheck = 0510;
				ORGANIZATIONNAME = "Allison Wonderland Games";
				TargetAttributes = {
					89618A4C18DDF0F700CF9F62 = {
						TestTargetID = 89618A2818DDF0F700CF9F62;
					};
				};
			};
			buildConfigurationList = 89618A2418DDF0F700CF9F62 /* Build configuration list for PBXProject "ProfFinder" */;
			compatibilityVersion = "Xcode 3.2";
			developmentRegion = English;
			hasScannedForEncodings = 0;
			knownRegions = (
				en,
				Base,
			);
			mainGroup = 89618A2018DDF0F700CF9F62;
			productRefGroup = 89618A2A18DDF0F700CF9F62 /* Products */;
			projectDirPath = "";
			projectRoot = "";
			targets = (
				89618A2818DDF0F700CF9F62 /* ProfFinder */,
				89618A4C18DDF0F700CF9F62 /* ProfFinderTests */,
			);
		};
/* End PBXProject section */

/* Begin PBXResourcesBuildPhase section */
		89618A2718DDF0F700CF9F62 /* Resources */ = {
			isa = PBXResourcesBuildPhase;
			buildActionMask = 2147483647;
			files = (
				893BF63318DF35270061269D /* CareerFair.txt in Resources */,
				893BF63418DF35270061269D /* Informatics.txt in Resources */,
				895A81E918DE7EB5003F739C /* career-fair-6.png in Resources */,
				89618A4318DDF0F700CF9F62 /* Main_iPad.storyboard in Resources */,
				89618A4818DDF0F700CF9F62 /* Images.xcassets in Resources */,
				89618A6918DDF70600CF9F62 /* checked_checkbox_128.png in Resources */,
				895A81EA18DE7EB5003F739C /* career-fair-7.png in Resources */,
				89618A6A18DDF70600CF9F62 /* unchecked_checkbox_128.png in Resources */,
				895A81E518DE7EB5003F739C /* career-fair-2.png in Resources */,
				89618A6618DDF45100CF9F62 /* Go-Co.png in Resources */,
				89618A4018DDF0F700CF9F62 /* Main_iPhone.storyboard in Resources */,
				89618A3718DDF0F700CF9F62 /* InfoPlist.strings in Resources */,
				89A35F1F18DF695400C7B546 /* scholarsearch.png in Resources */,
				895A81E418DE7EB5003F739C /* career-fair-1.png in Resources */,
				897A1DED18DE329600E0D7D9 /* profile-pic-default.png in Resources */,
				895A81E818DE7EB5003F739C /* career-fair-5.png in Resources */,
				895A81E718DE7EB5003F739C /* career-fair-4.png in Resources */,
				895A81E618DE7EB5003F739C /* career-fair-3.png in Resources */,
			);
			runOnlyForDeploymentPostprocessing = 0;
		};
		89618A4B18DDF0F700CF9F62 /* Resources */ = {
			isa = PBXResourcesBuildPhase;
			buildActionMask = 2147483647;
			files = (
				89618A5918DDF0F700CF9F62 /* InfoPlist.strings in Resources */,
			);
			runOnlyForDeploymentPostprocessing = 0;
		};
/* End PBXResourcesBuildPhase section */

/* Begin PBXSourcesBuildPhase section */
		89618A2518DDF0F700CF9F62 /* Sources */ = {
			isa = PBXSourcesBuildPhase;
			buildActionMask = 2147483647;
			files = (
				897A1E1818DE39F100E0D7D9 /* AFSecurityPolicy.m in Sources */,
				89A35F1D18DF4E2E00C7B546 /* WebViewController.m in Sources */,
				89618A4618DDF0F700CF9F62 /* ViewController.m in Sources */,
				897A1E1718DE39F100E0D7D9 /* AFNetworkReachabilityManager.m in Sources */,
				897A1DDD18DE1E6E00E0D7D9 /* UserDefaults.m in Sources */,
				891DEAEF18DE5CA800072BE9 /* NSArray+JSONModel.m in Sources */,
				897A1E1D18DE39F100E0D7D9 /* AFNetworkActivityIndicatorManager.m in Sources */,
				897A1E2118DE39F100E0D7D9 /* UIImageView+AFNetworking.m in Sources */,
				897A1E1918DE39F100E0D7D9 /* AFURLConnectionOperation.m in Sources */,
				897A1E1E18DE39F100E0D7D9 /* UIActivityIndicatorView+AFNetworking.m in Sources */,
				897A1E2418DE39F100E0D7D9 /* UIWebView+AFNetworking.m in Sources */,
				891DEAEE18DE5CA800072BE9 /* JSONModelError.m in Sources */,
				897A1E1418DE39F100E0D7D9 /* AFHTTPRequestOperation.m in Sources */,
				891DEAF218DE5CA800072BE9 /* JSONModel+networking.m in Sources */,
				897A1E1618DE39F100E0D7D9 /* AFHTTPSessionManager.m in Sources */,
				897A1E1F18DE39F100E0D7D9 /* UIAlertView+AFNetworking.m in Sources */,
				897A1E1A18DE39F100E0D7D9 /* AFURLRequestSerialization.m in Sources */,
				89618A3D18DDF0F700CF9F62 /* AppDelegate.m in Sources */,
				891DEAEA18DE5CA800072BE9 /* JSONModel+CoreData.m in Sources */,
				897A1E1C18DE39F100E0D7D9 /* AFURLSessionManager.m in Sources */,
				891DEAED18DE5CA800072BE9 /* JSONModelClassProperty.m in Sources */,
				891DEAF018DE5CA800072BE9 /* JSONAPI.m in Sources */,
				897A1E1518DE39F100E0D7D9 /* AFHTTPRequestOperationManager.m in Sources */,
				897A1E2218DE39F100E0D7D9 /* UIProgressView+AFNetworking.m in Sources */,
				897A1DC118DE0CA400E0D7D9 /* SearchViewController.m in Sources */,
				897A1E2018DE39F100E0D7D9 /* UIButton+AFNetworking.m in Sources */,
				891DEAF418DE5CA800072BE9 /* JSONValueTransformer.m in Sources */,
				891DEAEC18DE5CA800072BE9 /* JSONModelArray.m in Sources */,
				891DEAEB18DE5CA800072BE9 /* JSONModel.m in Sources */,
				897A1E1B18DE39F100E0D7D9 /* AFURLResponseSerialization.m in Sources */,
				897A1DDA18DE0F4700E0D7D9 /* SearchRequest.m in Sources */,
				891DEAF318DE5CA800072BE9 /* JSONKeyMapper.m in Sources */,
				891DEAF118DE5CA800072BE9 /* JSONHTTPClient.m in Sources */,
				897A1E2318DE39F100E0D7D9 /* UIRefreshControl+AFNetworking.m in Sources */,
				89618A3918DDF0F700CF9F62 /* main.m in Sources */,
			);
			runOnlyForDeploymentPostprocessing = 0;
		};
		89618A4918DDF0F700CF9F62 /* Sources */ = {
			isa = PBXSourcesBuildPhase;
			buildActionMask = 2147483647;
			files = (
				89618A5B18DDF0F700CF9F62 /* ProfFinderTests.m in Sources */,
			);
			runOnlyForDeploymentPostprocessing = 0;
		};
/* End PBXSourcesBuildPhase section */

/* Begin PBXTargetDependency section */
		89618A5318DDF0F700CF9F62 /* PBXTargetDependency */ = {
			isa = PBXTargetDependency;
			target = 89618A2818DDF0F700CF9F62 /* ProfFinder */;
			targetProxy = 89618A5218DDF0F700CF9F62 /* PBXContainerItemProxy */;
		};
/* End PBXTargetDependency section */

/* Begin PBXVariantGroup section */
		89618A3518DDF0F700CF9F62 /* InfoPlist.strings */ = {
			isa = PBXVariantGroup;
			children = (
				89618A3618DDF0F700CF9F62 /* en */,
			);
			name = InfoPlist.strings;
			sourceTree = "<group>";
		};
		89618A3E18DDF0F700CF9F62 /* Main_iPhone.storyboard */ = {
			isa = PBXVariantGroup;
			children = (
				89618A3F18DDF0F700CF9F62 /* Base */,
			);
			name = Main_iPhone.storyboard;
			sourceTree = "<group>";
		};
		89618A4118DDF0F700CF9F62 /* Main_iPad.storyboard */ = {
			isa = PBXVariantGroup;
			children = (
				89618A4218DDF0F700CF9F62 /* Base */,
			);
			name = Main_iPad.storyboard;
			sourceTree = "<group>";
		};
		89618A5718DDF0F700CF9F62 /* InfoPlist.strings */ = {
			isa = PBXVariantGroup;
			children = (
				89618A5818DDF0F700CF9F62 /* en */,
			);
			name = InfoPlist.strings;
			sourceTree = "<group>";
		};
/* End PBXVariantGroup section */

/* Begin XCBuildConfiguration section */
		89618A5C18DDF0F700CF9F62 /* Debug */ = {
			isa = XCBuildConfiguration;
			buildSettings = {
				ALWAYS_SEARCH_USER_PATHS = NO;
				CLANG_CXX_LANGUAGE_STANDARD = "gnu++0x";
				CLANG_CXX_LIBRARY = "libc++";
				CLANG_ENABLE_MODULES = YES;
				CLANG_ENABLE_OBJC_ARC = YES;
				CLANG_WARN_BOOL_CONVERSION = YES;
				CLANG_WARN_CONSTANT_CONVERSION = YES;
				CLANG_WARN_DIRECT_OBJC_ISA_USAGE = YES_ERROR;
				CLANG_WARN_EMPTY_BODY = YES;
				CLANG_WARN_ENUM_CONVERSION = YES;
				CLANG_WARN_INT_CONVERSION = YES;
				CLANG_WARN_OBJC_ROOT_CLASS = YES_ERROR;
				CLANG_WARN__DUPLICATE_METHOD_MATCH = YES;
				"CODE_SIGN_IDENTITY[sdk=iphoneos*]" = "iPhone Developer";
				COPY_PHASE_STRIP = NO;
				GCC_C_LANGUAGE_STANDARD = gnu99;
				GCC_DYNAMIC_NO_PIC = NO;
				GCC_OPTIMIZATION_LEVEL = 0;
				GCC_PREPROCESSOR_DEFINITIONS = (
					"DEBUG=1",
					"$(inherited)",
				);
				GCC_SYMBOLS_PRIVATE_EXTERN = NO;
				GCC_WARN_64_TO_32_BIT_CONVERSION = YES;
				GCC_WARN_ABOUT_RETURN_TYPE = YES_ERROR;
				GCC_WARN_UNDECLARED_SELECTOR = YES;
				GCC_WARN_UNINITIALIZED_AUTOS = YES_AGGRESSIVE;
				GCC_WARN_UNUSED_FUNCTION = YES;
				GCC_WARN_UNUSED_VARIABLE = YES;
				IPHONEOS_DEPLOYMENT_TARGET = 7.1;
				ONLY_ACTIVE_ARCH = YES;
				SDKROOT = iphoneos;
				TARGETED_DEVICE_FAMILY = "1,2";
			};
			name = Debug;
		};
		89618A5D18DDF0F700CF9F62 /* Release */ = {
			isa = XCBuildConfiguration;
			buildSettings = {
				ALWAYS_SEARCH_USER_PATHS = NO;
				CLANG_CXX_LANGUAGE_STANDARD = "gnu++0x";
				CLANG_CXX_LIBRARY = "libc++";
				CLANG_ENABLE_MODULES = YES;
				CLANG_ENABLE_OBJC_ARC = YES;
				CLANG_WARN_BOOL_CONVERSION = YES;
				CLANG_WARN_CONSTANT_CONVERSION = YES;
				CLANG_WARN_DIRECT_OBJC_ISA_USAGE = YES_ERROR;
				CLANG_WARN_EMPTY_BODY = YES;
				CLANG_WARN_ENUM_CONVERSION = YES;
				CLANG_WARN_INT_CONVERSION = YES;
				CLANG_WARN_OBJC_ROOT_CLASS = YES_ERROR;
				CLANG_WARN__DUPLICATE_METHOD_MATCH = YES;
				"CODE_SIGN_IDENTITY[sdk=iphoneos*]" = "iPhone Developer";
				COPY_PHASE_STRIP = YES;
				ENABLE_NS_ASSERTIONS = NO;
				GCC_C_LANGUAGE_STANDARD = gnu99;
				GCC_WARN_64_TO_32_BIT_CONVERSION = YES;
				GCC_WARN_ABOUT_RETURN_TYPE = YES_ERROR;
				GCC_WARN_UNDECLARED_SELECTOR = YES;
				GCC_WARN_UNINITIALIZED_AUTOS = YES_AGGRESSIVE;
				GCC_WARN_UNUSED_FUNCTION = YES;
				GCC_WARN_UNUSED_VARIABLE = YES;
				IPHONEOS_DEPLOYMENT_TARGET = 7.1;
				SDKROOT = iphoneos;
				TARGETED_DEVICE_FAMILY = "1,2";
				VALIDATE_PRODUCT = YES;
			};
			name = Release;
		};
		89618A5F18DDF0F700CF9F62 /* Debug */ = {
			isa = XCBuildConfiguration;
			buildSettings = {
				ASSETCATALOG_COMPILER_APPICON_NAME = AppIcon;
				ASSETCATALOG_COMPILER_LAUNCHIMAGE_NAME = LaunchImage;
				GCC_PRECOMPILE_PREFIX_HEADER = YES;
				GCC_PREFIX_HEADER = "ProfFinder/ProfFinder-Prefix.pch";
				INFOPLIST_FILE = "ProfFinder/ProfFinder-Info.plist";
				PRODUCT_NAME = "$(TARGET_NAME)";
				WRAPPER_EXTENSION = app;
			};
			name = Debug;
		};
		89618A6018DDF0F700CF9F62 /* Release */ = {
			isa = XCBuildConfiguration;
			buildSettings = {
				ASSETCATALOG_COMPILER_APPICON_NAME = AppIcon;
				ASSETCATALOG_COMPILER_LAUNCHIMAGE_NAME = LaunchImage;
				GCC_PRECOMPILE_PREFIX_HEADER = YES;
				GCC_PREFIX_HEADER = "ProfFinder/ProfFinder-Prefix.pch";
				INFOPLIST_FILE = "ProfFinder/ProfFinder-Info.plist";
				PRODUCT_NAME = "$(TARGET_NAME)";
				WRAPPER_EXTENSION = app;
			};
			name = Release;
		};
		89618A6218DDF0F700CF9F62 /* Debug */ = {
			isa = XCBuildConfiguration;
			buildSettings = {
				BUNDLE_LOADER = "$(BUILT_PRODUCTS_DIR)/ProfFinder.app/ProfFinder";
				FRAMEWORK_SEARCH_PATHS = (
					"$(SDKROOT)/Developer/Library/Frameworks",
					"$(inherited)",
					"$(DEVELOPER_FRAMEWORKS_DIR)",
				);
				GCC_PRECOMPILE_PREFIX_HEADER = YES;
				GCC_PREFIX_HEADER = "ProfFinder/ProfFinder-Prefix.pch";
				GCC_PREPROCESSOR_DEFINITIONS = (
					"DEBUG=1",
					"$(inherited)",
				);
				INFOPLIST_FILE = "ProfFinderTests/ProfFinderTests-Info.plist";
				PRODUCT_NAME = "$(TARGET_NAME)";
				TEST_HOST = "$(BUNDLE_LOADER)";
				WRAPPER_EXTENSION = xctest;
			};
			name = Debug;
		};
		89618A6318DDF0F700CF9F62 /* Release */ = {
			isa = XCBuildConfiguration;
			buildSettings = {
				BUNDLE_LOADER = "$(BUILT_PRODUCTS_DIR)/ProfFinder.app/ProfFinder";
				FRAMEWORK_SEARCH_PATHS = (
					"$(SDKROOT)/Developer/Library/Frameworks",
					"$(inherited)",
					"$(DEVELOPER_FRAMEWORKS_DIR)",
				);
				GCC_PRECOMPILE_PREFIX_HEADER = YES;
				GCC_PREFIX_HEADER = "ProfFinder/ProfFinder-Prefix.pch";
				INFOPLIST_FILE = "ProfFinderTests/ProfFinderTests-Info.plist";
				PRODUCT_NAME = "$(TARGET_NAME)";
				TEST_HOST = "$(BUNDLE_LOADER)";
				WRAPPER_EXTENSION = xctest;
			};
			name = Release;
		};
/* End XCBuildConfiguration section */

/* Begin XCConfigurationList section */
		89618A2418DDF0F700CF9F62 /* Build configuration list for PBXProject "ProfFinder" */ = {
			isa = XCConfigurationList;
			buildConfigurations = (
				89618A5C18DDF0F700CF9F62 /* Debug */,
				89618A5D18DDF0F700CF9F62 /* Release */,
			);
			defaultConfigurationIsVisible = 0;
			defaultConfigurationName = Release;
		};
		89618A5E18DDF0F700CF9F62 /* Build configuration list for PBXNativeTarget "ProfFinder" */ = {
			isa = XCConfigurationList;
			buildConfigurations = (
				89618A5F18DDF0F700CF9F62 /* Debug */,
				89618A6018DDF0F700CF9F62 /* Release */,
			);
			defaultConfigurationIsVisible = 0;
			defaultConfigurationName = Release;
		};
		89618A6118DDF0F700CF9F62 /* Build configuration list for PBXNativeTarget "ProfFinderTests" */ = {
			isa = XCConfigurationList;
			buildConfigurations = (
				89618A6218DDF0F700CF9F62 /* Debug */,
				89618A6318DDF0F700CF9F62 /* Release */,
			);
			defaultConfigurationIsVisible = 0;
			defaultConfigurationName = Release;
		};
/* End XCConfigurationList section */
	};
	rootObject = 89618A2118DDF0F700CF9F62 /* Project object */;
}
